// !$*UTF8*$!
{
	archiveVersion = 1;
	classes = {
	};
	objectVersion = 46;
	objects = {

/* Begin PBXBuildFile section */
		46F96C1E193E5853006BEA77 /* Foundation.framework in Frameworks */ = {isa = PBXBuildFile; fileRef = 46F96C1D193E5853006BEA77 /* Foundation.framework */; };
		46F96C20193E5853006BEA77 /* CoreGraphics.framework in Frameworks */ = {isa = PBXBuildFile; fileRef = 46F96C1F193E5853006BEA77 /* CoreGraphics.framework */; };
		46F96C22193E5853006BEA77 /* UIKit.framework in Frameworks */ = {isa = PBXBuildFile; fileRef = 46F96C21193E5853006BEA77 /* UIKit.framework */; };
		46F96C28193E5853006BEA77 /* InfoPlist.strings in Resources */ = {isa = PBXBuildFile; fileRef = 46F96C26193E5853006BEA77 /* InfoPlist.strings */; };
		46F96C2A193E5853006BEA77 /* main.m in Sources */ = {isa = PBXBuildFile; fileRef = 46F96C29193E5853006BEA77 /* main.m */; };
		46F96C2E193E5853006BEA77 /* LWAppDelegate.m in Sources */ = {isa = PBXBuildFile; fileRef = 46F96C2D193E5853006BEA77 /* LWAppDelegate.m */; };
		46F96C31193E5853006BEA77 /* Main_iPhone.storyboard in Resources */ = {isa = PBXBuildFile; fileRef = 46F96C2F193E5853006BEA77 /* Main_iPhone.storyboard */; };
		46F96C34193E5853006BEA77 /* Main_iPad.storyboard in Resources */ = {isa = PBXBuildFile; fileRef = 46F96C32193E5853006BEA77 /* Main_iPad.storyboard */; };
		46F96C37193E5853006BEA77 /* LWViewController.m in Sources */ = {isa = PBXBuildFile; fileRef = 46F96C36193E5853006BEA77 /* LWViewController.m */; };
		46F96C39193E5853006BEA77 /* Images.xcassets in Resources */ = {isa = PBXBuildFile; fileRef = 46F96C38193E5853006BEA77 /* Images.xcassets */; };
		46F96C40193E5853006BEA77 /* XCTest.framework in Frameworks */ = {isa = PBXBuildFile; fileRef = 46F96C3F193E5853006BEA77 /* XCTest.framework */; };
		46F96C41193E5853006BEA77 /* Foundation.framework in Frameworks */ = {isa = PBXBuildFile; fileRef = 46F96C1D193E5853006BEA77 /* Foundation.framework */; };
		46F96C42193E5853006BEA77 /* UIKit.framework in Frameworks */ = {isa = PBXBuildFile; fileRef = 46F96C21193E5853006BEA77 /* UIKit.framework */; };
		46F96C4A193E5853006BEA77 /* InfoPlist.strings in Resources */ = {isa = PBXBuildFile; fileRef = 46F96C48193E5853006BEA77 /* InfoPlist.strings */; };
		46F96C4C193E5853006BEA77 /* RCSwitch_IOSTests.m in Sources */ = {isa = PBXBuildFile; fileRef = 46F96C4B193E5853006BEA77 /* RCSwitch_IOSTests.m */; };
		46F96C59193E597B006BEA77 /* LWServiceBrowser.m in Sources */ = {isa = PBXBuildFile; fileRef = 46F96C58193E597B006BEA77 /* LWServiceBrowser.m */; };
		46F96C86193E675A006BEA77 /* SBJsonParser.m in Sources */ = {isa = PBXBuildFile; fileRef = 46F96C60193E675A006BEA77 /* SBJsonParser.m */; };
		46F96C87193E675A006BEA77 /* SBJsonStreamParser.m in Sources */ = {isa = PBXBuildFile; fileRef = 46F96C62193E675A006BEA77 /* SBJsonStreamParser.m */; };
		46F96C88193E675A006BEA77 /* SBJsonStreamParserAccumulator.m in Sources */ = {isa = PBXBuildFile; fileRef = 46F96C64193E675A006BEA77 /* SBJsonStreamParserAccumulator.m */; };
		46F96C89193E675A006BEA77 /* SBJsonStreamParserAdapter.m in Sources */ = {isa = PBXBuildFile; fileRef = 46F96C66193E675A006BEA77 /* SBJsonStreamParserAdapter.m */; };
		46F96C8A193E675A006BEA77 /* SBJsonStreamParserState.m in Sources */ = {isa = PBXBuildFile; fileRef = 46F96C68193E675A006BEA77 /* SBJsonStreamParserState.m */; };
		46F96C8B193E675A006BEA77 /* SBJsonStreamTokeniser.m in Sources */ = {isa = PBXBuildFile; fileRef = 46F96C6A193E675A006BEA77 /* SBJsonStreamTokeniser.m */; };
		46F96C8C193E675A006BEA77 /* SBJsonStreamWriter.m in Sources */ = {isa = PBXBuildFile; fileRef = 46F96C6C193E675A006BEA77 /* SBJsonStreamWriter.m */; };
		46F96C8D193E675A006BEA77 /* SBJsonStreamWriterAccumulator.m in Sources */ = {isa = PBXBuildFile; fileRef = 46F96C6E193E675A006BEA77 /* SBJsonStreamWriterAccumulator.m */; };
		46F96C8E193E675A006BEA77 /* SBJsonStreamWriterState.m in Sources */ = {isa = PBXBuildFile; fileRef = 46F96C70193E675A006BEA77 /* SBJsonStreamWriterState.m */; };
		46F96C8F193E675A006BEA77 /* SBJsonWriter.m in Sources */ = {isa = PBXBuildFile; fileRef = 46F96C72193E675A006BEA77 /* SBJsonWriter.m */; };
		46F96C90193E675A006BEA77 /* SocketIO.m in Sources */ = {isa = PBXBuildFile; fileRef = 46F96C74193E675A006BEA77 /* SocketIO.m */; };
		46F96C91193E675A006BEA77 /* SocketIOJSONSerialization.m in Sources */ = {isa = PBXBuildFile; fileRef = 46F96C76193E675A006BEA77 /* SocketIOJSONSerialization.m */; };
		46F96C92193E675A006BEA77 /* SocketIOPacket.m in Sources */ = {isa = PBXBuildFile; fileRef = 46F96C78193E675A006BEA77 /* SocketIOPacket.m */; };
		46F96C93193E675A006BEA77 /* SocketIOTransportWebsocket.m in Sources */ = {isa = PBXBuildFile; fileRef = 46F96C7B193E675A006BEA77 /* SocketIOTransportWebsocket.m */; };
		46F96C94193E675A006BEA77 /* SocketIOTransportXHR.m in Sources */ = {isa = PBXBuildFile; fileRef = 46F96C7D193E675A006BEA77 /* SocketIOTransportXHR.m */; };
		46F96C95193E675A006BEA77 /* base64.c in Sources */ = {isa = PBXBuildFile; fileRef = 46F96C7F193E675A006BEA77 /* base64.c */; };
		46F96C96193E675A006BEA77 /* NSData+SRB64Additions.m in Sources */ = {isa = PBXBuildFile; fileRef = 46F96C82193E675A006BEA77 /* NSData+SRB64Additions.m */; };
		46F96C97193E675A006BEA77 /* SRWebSocket.m in Sources */ = {isa = PBXBuildFile; fileRef = 46F96C85193E675A006BEA77 /* SRWebSocket.m */; };
		46F96C9A193E6798006BEA77 /* LWRCSwitchServer.m in Sources */ = {isa = PBXBuildFile; fileRef = 46F96C99193E6798006BEA77 /* LWRCSwitchServer.m */; };
		46F96CA5193E7765006BEA77 /* libicucore.dylib in Frameworks */ = {isa = PBXBuildFile; fileRef = 46F96C9C193E6957006BEA77 /* libicucore.dylib */; };
		46F96CA8193E7854006BEA77 /* LWRCSwitchServerConnection.m in Sources */ = {isa = PBXBuildFile; fileRef = 46F96CA7193E7854006BEA77 /* LWRCSwitchServerConnection.m */; };
/* End PBXBuildFile section */

/* Begin PBXContainerItemProxy section */
		46F96C43193E5853006BEA77 /* PBXContainerItemProxy */ = {
			isa = PBXContainerItemProxy;
			containerPortal = 46F96C12193E5853006BEA77 /* Project object */;
			proxyType = 1;
			remoteGlobalIDString = 46F96C19193E5853006BEA77;
			remoteInfo = "RCSwitch-IOS";
		};
/* End PBXContainerItemProxy section */

/* Begin PBXFileReference section */
		46F96C1A193E5853006BEA77 /* RCSwitch-IOS.app */ = {isa = PBXFileReference; explicitFileType = wrapper.application; includeInIndex = 0; path = "RCSwitch-IOS.app"; sourceTree = BUILT_PRODUCTS_DIR; };
		46F96C1D193E5853006BEA77 /* Foundation.framework */ = {isa = PBXFileReference; lastKnownFileType = wrapper.framework; name = Foundation.framework; path = System/Library/Frameworks/Foundation.framework; sourceTree = SDKROOT; };
		46F96C1F193E5853006BEA77 /* CoreGraphics.framework */ = {isa = PBXFileReference; lastKnownFileType = wrapper.framework; name = CoreGraphics.framework; path = System/Library/Frameworks/CoreGraphics.framework; sourceTree = SDKROOT; };
		46F96C21193E5853006BEA77 /* UIKit.framework */ = {isa = PBXFileReference; lastKnownFileType = wrapper.framework; name = UIKit.framework; path = System/Library/Frameworks/UIKit.framework; sourceTree = SDKROOT; };
		46F96C25193E5853006BEA77 /* RCSwitch-IOS-Info.plist */ = {isa = PBXFileReference; lastKnownFileType = text.plist.xml; path = "RCSwitch-IOS-Info.plist"; sourceTree = "<group>"; };
		46F96C27193E5853006BEA77 /* en */ = {isa = PBXFileReference; lastKnownFileType = text.plist.strings; name = en; path = en.lproj/InfoPlist.strings; sourceTree = "<group>"; };
		46F96C29193E5853006BEA77 /* main.m */ = {isa = PBXFileReference; lastKnownFileType = sourcecode.c.objc; path = main.m; sourceTree = "<group>"; };
		46F96C2B193E5853006BEA77 /* RCSwitch-IOS-Prefix.pch */ = {isa = PBXFileReference; lastKnownFileType = sourcecode.c.h; path = "RCSwitch-IOS-Prefix.pch"; sourceTree = "<group>"; };
		46F96C2C193E5853006BEA77 /* LWAppDelegate.h */ = {isa = PBXFileReference; lastKnownFileType = sourcecode.c.h; path = LWAppDelegate.h; sourceTree = "<group>"; };
		46F96C2D193E5853006BEA77 /* LWAppDelegate.m */ = {isa = PBXFileReference; lastKnownFileType = sourcecode.c.objc; path = LWAppDelegate.m; sourceTree = "<group>"; };
		46F96C30193E5853006BEA77 /* Base */ = {isa = PBXFileReference; lastKnownFileType = file.storyboard; name = Base; path = Base.lproj/Main_iPhone.storyboard; sourceTree = "<group>"; };
		46F96C33193E5853006BEA77 /* Base */ = {isa = PBXFileReference; lastKnownFileType = file.storyboard; name = Base; path = Base.lproj/Main_iPad.storyboard; sourceTree = "<group>"; };
		46F96C35193E5853006BEA77 /* LWViewController.h */ = {isa = PBXFileReference; lastKnownFileType = sourcecode.c.h; path = LWViewController.h; sourceTree = "<group>"; };
		46F96C36193E5853006BEA77 /* LWViewController.m */ = {isa = PBXFileReference; lastKnownFileType = sourcecode.c.objc; path = LWViewController.m; sourceTree = "<group>"; };
		46F96C38193E5853006BEA77 /* Images.xcassets */ = {isa = PBXFileReference; lastKnownFileType = folder.assetcatalog; path = Images.xcassets; sourceTree = "<group>"; };
		46F96C3E193E5853006BEA77 /* RCSwitch-IOSTests.xctest */ = {isa = PBXFileReference; explicitFileType = wrapper.cfbundle; includeInIndex = 0; path = "RCSwitch-IOSTests.xctest"; sourceTree = BUILT_PRODUCTS_DIR; };
		46F96C3F193E5853006BEA77 /* XCTest.framework */ = {isa = PBXFileReference; lastKnownFileType = wrapper.framework; name = XCTest.framework; path = Library/Frameworks/XCTest.framework; sourceTree = DEVELOPER_DIR; };
		46F96C47193E5853006BEA77 /* RCSwitch-IOSTests-Info.plist */ = {isa = PBXFileReference; lastKnownFileType = text.plist.xml; path = "RCSwitch-IOSTests-Info.plist"; sourceTree = "<group>"; };
		46F96C49193E5853006BEA77 /* en */ = {isa = PBXFileReference; lastKnownFileType = text.plist.strings; name = en; path = en.lproj/InfoPlist.strings; sourceTree = "<group>"; };
		46F96C4B193E5853006BEA77 /* RCSwitch_IOSTests.m */ = {isa = PBXFileReference; lastKnownFileType = sourcecode.c.objc; path = RCSwitch_IOSTests.m; sourceTree = "<group>"; };
		46F96C57193E597B006BEA77 /* LWServiceBrowser.h */ = {isa = PBXFileReference; fileEncoding = 4; lastKnownFileType = sourcecode.c.h; path = LWServiceBrowser.h; sourceTree = "<group>"; };
		46F96C58193E597B006BEA77 /* LWServiceBrowser.m */ = {isa = PBXFileReference; fileEncoding = 4; lastKnownFileType = sourcecode.c.objc; path = LWServiceBrowser.m; sourceTree = "<group>"; };
		46F96C5E193E675A006BEA77 /* SBJson.h */ = {isa = PBXFileReference; fileEncoding = 4; lastKnownFileType = sourcecode.c.h; path = SBJson.h; sourceTree = "<group>"; };
		46F96C5F193E675A006BEA77 /* SBJsonParser.h */ = {isa = PBXFileReference; fileEncoding = 4; lastKnownFileType = sourcecode.c.h; path = SBJsonParser.h; sourceTree = "<group>"; };
		46F96C60193E675A006BEA77 /* SBJsonParser.m */ = {isa = PBXFileReference; fileEncoding = 4; lastKnownFileType = sourcecode.c.objc; path = SBJsonParser.m; sourceTree = "<group>"; };
		46F96C61193E675A006BEA77 /* SBJsonStreamParser.h */ = {isa = PBXFileReference; fileEncoding = 4; lastKnownFileType = sourcecode.c.h; path = SBJsonStreamParser.h; sourceTree = "<group>"; };
		46F96C62193E675A006BEA77 /* SBJsonStreamParser.m */ = {isa = PBXFileReference; fileEncoding = 4; lastKnownFileType = sourcecode.c.objc; path = SBJsonStreamParser.m; sourceTree = "<group>"; };
		46F96C63193E675A006BEA77 /* SBJsonStreamParserAccumulator.h */ = {isa = PBXFileReference; fileEncoding = 4; lastKnownFileType = sourcecode.c.h; path = SBJsonStreamParserAccumulator.h; sourceTree = "<group>"; };
		46F96C64193E675A006BEA77 /* SBJsonStreamParserAccumulator.m */ = {isa = PBXFileReference; fileEncoding = 4; lastKnownFileType = sourcecode.c.objc; path = SBJsonStreamParserAccumulator.m; sourceTree = "<group>"; };
		46F96C65193E675A006BEA77 /* SBJsonStreamParserAdapter.h */ = {isa = PBXFileReference; fileEncoding = 4; lastKnownFileType = sourcecode.c.h; path = SBJsonStreamParserAdapter.h; sourceTree = "<group>"; };
		46F96C66193E675A006BEA77 /* SBJsonStreamParserAdapter.m */ = {isa = PBXFileReference; fileEncoding = 4; lastKnownFileType = sourcecode.c.objc; path = SBJsonStreamParserAdapter.m; sourceTree = "<group>"; };
		46F96C67193E675A006BEA77 /* SBJsonStreamParserState.h */ = {isa = PBXFileReference; fileEncoding = 4; lastKnownFileType = sourcecode.c.h; path = SBJsonStreamParserState.h; sourceTree = "<group>"; };
		46F96C68193E675A006BEA77 /* SBJsonStreamParserState.m */ = {isa = PBXFileReference; fileEncoding = 4; lastKnownFileType = sourcecode.c.objc; path = SBJsonStreamParserState.m; sourceTree = "<group>"; };
		46F96C69193E675A006BEA77 /* SBJsonStreamTokeniser.h */ = {isa = PBXFileReference; fileEncoding = 4; lastKnownFileType = sourcecode.c.h; path = SBJsonStreamTokeniser.h; sourceTree = "<group>"; };
		46F96C6A193E675A006BEA77 /* SBJsonStreamTokeniser.m */ = {isa = PBXFileReference; fileEncoding = 4; lastKnownFileType = sourcecode.c.objc; path = SBJsonStreamTokeniser.m; sourceTree = "<group>"; };
		46F96C6B193E675A006BEA77 /* SBJsonStreamWriter.h */ = {isa = PBXFileReference; fileEncoding = 4; lastKnownFileType = sourcecode.c.h; path = SBJsonStreamWriter.h; sourceTree = "<group>"; };
		46F96C6C193E675A006BEA77 /* SBJsonStreamWriter.m */ = {isa = PBXFileReference; fileEncoding = 4; lastKnownFileType = sourcecode.c.objc; path = SBJsonStreamWriter.m; sourceTree = "<group>"; };
		46F96C6D193E675A006BEA77 /* SBJsonStreamWriterAccumulator.h */ = {isa = PBXFileReference; fileEncoding = 4; lastKnownFileType = sourcecode.c.h; path = SBJsonStreamWriterAccumulator.h; sourceTree = "<group>"; };
		46F96C6E193E675A006BEA77 /* SBJsonStreamWriterAccumulator.m */ = {isa = PBXFileReference; fileEncoding = 4; lastKnownFileType = sourcecode.c.objc; path = SBJsonStreamWriterAccumulator.m; sourceTree = "<group>"; };
		46F96C6F193E675A006BEA77 /* SBJsonStreamWriterState.h */ = {isa = PBXFileReference; fileEncoding = 4; lastKnownFileType = sourcecode.c.h; path = SBJsonStreamWriterState.h; sourceTree = "<group>"; };
		46F96C70193E675A006BEA77 /* SBJsonStreamWriterState.m */ = {isa = PBXFileReference; fileEncoding = 4; lastKnownFileType = sourcecode.c.objc; path = SBJsonStreamWriterState.m; sourceTree = "<group>"; };
		46F96C71193E675A006BEA77 /* SBJsonWriter.h */ = {isa = PBXFileReference; fileEncoding = 4; lastKnownFileType = sourcecode.c.h; path = SBJsonWriter.h; sourceTree = "<group>"; };
		46F96C72193E675A006BEA77 /* SBJsonWriter.m */ = {isa = PBXFileReference; fileEncoding = 4; lastKnownFileType = sourcecode.c.objc; path = SBJsonWriter.m; sourceTree = "<group>"; };
		46F96C73193E675A006BEA77 /* SocketIO.h */ = {isa = PBXFileReference; fileEncoding = 4; lastKnownFileType = sourcecode.c.h; path = SocketIO.h; sourceTree = "<group>"; };
		46F96C74193E675A006BEA77 /* SocketIO.m */ = {isa = PBXFileReference; fileEncoding = 4; lastKnownFileType = sourcecode.c.objc; path = SocketIO.m; sourceTree = "<group>"; };
		46F96C75193E675A006BEA77 /* SocketIOJSONSerialization.h */ = {isa = PBXFileReference; fileEncoding = 4; lastKnownFileType = sourcecode.c.h; path = SocketIOJSONSerialization.h; sourceTree = "<group>"; };
		46F96C76193E675A006BEA77 /* SocketIOJSONSerialization.m */ = {isa = PBXFileReference; fileEncoding = 4; lastKnownFileType = sourcecode.c.objc; path = SocketIOJSONSerialization.m; sourceTree = "<group>"; };
		46F96C77193E675A006BEA77 /* SocketIOPacket.h */ = {isa = PBXFileReference; fileEncoding = 4; lastKnownFileType = sourcecode.c.h; path = SocketIOPacket.h; sourceTree = "<group>"; };
		46F96C78193E675A006BEA77 /* SocketIOPacket.m */ = {isa = PBXFileReference; fileEncoding = 4; lastKnownFileType = sourcecode.c.objc; path = SocketIOPacket.m; sourceTree = "<group>"; };
		46F96C79193E675A006BEA77 /* SocketIOTransport.h */ = {isa = PBXFileReference; fileEncoding = 4; lastKnownFileType = sourcecode.c.h; path = SocketIOTransport.h; sourceTree = "<group>"; };
		46F96C7A193E675A006BEA77 /* SocketIOTransportWebsocket.h */ = {isa = PBXFileReference; fileEncoding = 4; lastKnownFileType = sourcecode.c.h; path = SocketIOTransportWebsocket.h; sourceTree = "<group>"; };
		46F96C7B193E675A006BEA77 /* SocketIOTransportWebsocket.m */ = {isa = PBXFileReference; fileEncoding = 4; lastKnownFileType = sourcecode.c.objc; path = SocketIOTransportWebsocket.m; sourceTree = "<group>"; };
		46F96C7C193E675A006BEA77 /* SocketIOTransportXHR.h */ = {isa = PBXFileReference; fileEncoding = 4; lastKnownFileType = sourcecode.c.h; path = SocketIOTransportXHR.h; sourceTree = "<group>"; };
		46F96C7D193E675A006BEA77 /* SocketIOTransportXHR.m */ = {isa = PBXFileReference; fileEncoding = 4; lastKnownFileType = sourcecode.c.objc; path = SocketIOTransportXHR.m; sourceTree = "<group>"; };
		46F96C7F193E675A006BEA77 /* base64.c */ = {isa = PBXFileReference; fileEncoding = 4; lastKnownFileType = sourcecode.c.c; path = base64.c; sourceTree = "<group>"; };
		46F96C80193E675A006BEA77 /* base64.h */ = {isa = PBXFileReference; fileEncoding = 4; lastKnownFileType = sourcecode.c.h; path = base64.h; sourceTree = "<group>"; };
		46F96C81193E675A006BEA77 /* NSData+SRB64Additions.h */ = {isa = PBXFileReference; fileEncoding = 4; lastKnownFileType = sourcecode.c.h; path = "NSData+SRB64Additions.h"; sourceTree = "<group>"; };
		46F96C82193E675A006BEA77 /* NSData+SRB64Additions.m */ = {isa = PBXFileReference; fileEncoding = 4; lastKnownFileType = sourcecode.c.objc; path = "NSData+SRB64Additions.m"; sourceTree = "<group>"; };
		46F96C83193E675A006BEA77 /* SocketRocket-Prefix.pch */ = {isa = PBXFileReference; fileEncoding = 4; lastKnownFileType = sourcecode.c.h; path = "SocketRocket-Prefix.pch"; sourceTree = "<group>"; };
		46F96C84193E675A006BEA77 /* SRWebSocket.h */ = {isa = PBXFileReference; fileEncoding = 4; lastKnownFileType = sourcecode.c.h; path = SRWebSocket.h; sourceTree = "<group>"; };
		46F96C85193E675A006BEA77 /* SRWebSocket.m */ = {isa = PBXFileReference; fileEncoding = 4; lastKnownFileType = sourcecode.c.objc; path = SRWebSocket.m; sourceTree = "<group>"; };
		46F96C98193E6798006BEA77 /* LWRCSwitchServer.h */ = {isa = PBXFileReference; fileEncoding = 4; lastKnownFileType = sourcecode.c.h; path = LWRCSwitchServer.h; sourceTree = "<group>"; };
		46F96C99193E6798006BEA77 /* LWRCSwitchServer.m */ = {isa = PBXFileReference; fileEncoding = 4; lastKnownFileType = sourcecode.c.objc; path = LWRCSwitchServer.m; sourceTree = "<group>"; };
		46F96C9C193E6957006BEA77 /* libicucore.dylib */ = {isa = PBXFileReference; lastKnownFileType = "compiled.mach-o.dylib"; name = libicucore.dylib; path = usr/lib/libicucore.dylib; sourceTree = SDKROOT; };
		46F96C9E193E7670006BEA77 /* Security.framework */ = {isa = PBXFileReference; lastKnownFileType = wrapper.framework; name = Security.framework; path = System/Library/Frameworks/Security.framework; sourceTree = SDKROOT; };
		46F96CA0193E7681006BEA77 /* SystemConfiguration.framework */ = {isa = PBXFileReference; lastKnownFileType = wrapper.framework; name = SystemConfiguration.framework; path = System/Library/Frameworks/SystemConfiguration.framework; sourceTree = SDKROOT; };
		46F96CA2193E769C006BEA77 /* CFNetwork.framework */ = {isa = PBXFileReference; lastKnownFileType = wrapper.framework; name = CFNetwork.framework; path = System/Library/Frameworks/CFNetwork.framework; sourceTree = SDKROOT; };
		46F96CA7193E7854006BEA77 /* LWRCSwitchServerConnection.m */ = {isa = PBXFileReference; fileEncoding = 4; lastKnownFileType = sourcecode.c.objc; path = LWRCSwitchServerConnection.m; sourceTree = "<group>"; };
/* End PBXFileReference section */

/* Begin PBXFrameworksBuildPhase section */
		46F96C17193E5853006BEA77 /* Frameworks */ = {
			isa = PBXFrameworksBuildPhase;
			buildActionMask = 2147483647;
			files = (
				46F96CA5193E7765006BEA77 /* libicucore.dylib in Frameworks */,
				46F96C20193E5853006BEA77 /* CoreGraphics.framework in Frameworks */,
				46F96C22193E5853006BEA77 /* UIKit.framework in Frameworks */,
				46F96C1E193E5853006BEA77 /* Foundation.framework in Frameworks */,
			);
			runOnlyForDeploymentPostprocessing = 0;
		};
		46F96C3B193E5853006BEA77 /* Frameworks */ = {
			isa = PBXFrameworksBuildPhase;
			buildActionMask = 2147483647;
			files = (
				46F96C40193E5853006BEA77 /* XCTest.framework in Frameworks */,
				46F96C42193E5853006BEA77 /* UIKit.framework in Frameworks */,
				46F96C41193E5853006BEA77 /* Foundation.framework in Frameworks */,
			);
			runOnlyForDeploymentPostprocessing = 0;
		};
/* End PBXFrameworksBuildPhase section */

/* Begin PBXGroup section */
		46F96C11193E5853006BEA77 = {
			isa = PBXGroup;
			children = (
				46F96C23193E5853006BEA77 /* RCSwitch-IOS */,
				46F96C45193E5853006BEA77 /* RCSwitch-IOSTests */,
				46F96C1C193E5853006BEA77 /* Frameworks */,
				46F96C1B193E5853006BEA77 /* Products */,
			);
			sourceTree = "<group>";
		};
		46F96C1B193E5853006BEA77 /* Products */ = {
			isa = PBXGroup;
			children = (
				46F96C1A193E5853006BEA77 /* RCSwitch-IOS.app */,
				46F96C3E193E5853006BEA77 /* RCSwitch-IOSTests.xctest */,
			);
			name = Products;
			sourceTree = "<group>";
		};
		46F96C1C193E5853006BEA77 /* Frameworks */ = {
			isa = PBXGroup;
			children = (
				46F96CA2193E769C006BEA77 /* CFNetwork.framework */,
				46F96CA0193E7681006BEA77 /* SystemConfiguration.framework */,
				46F96C9E193E7670006BEA77 /* Security.framework */,
				46F96C9C193E6957006BEA77 /* libicucore.dylib */,
				46F96C1D193E5853006BEA77 /* Foundation.framework */,
				46F96C1F193E5853006BEA77 /* CoreGraphics.framework */,
				46F96C21193E5853006BEA77 /* UIKit.framework */,
				46F96C3F193E5853006BEA77 /* XCTest.framework */,
			);
			name = Frameworks;
			sourceTree = "<group>";
		};
		46F96C23193E5853006BEA77 /* RCSwitch-IOS */ = {
			isa = PBXGroup;
			children = (
				46F96C55193E5924006BEA77 /* Server Connection */,
				46F96C2C193E5853006BEA77 /* LWAppDelegate.h */,
				46F96C2D193E5853006BEA77 /* LWAppDelegate.m */,
				46F96C2F193E5853006BEA77 /* Main_iPhone.storyboard */,
				46F96C32193E5853006BEA77 /* Main_iPad.storyboard */,
				46F96C35193E5853006BEA77 /* LWViewController.h */,
				46F96C36193E5853006BEA77 /* LWViewController.m */,
				46F96C38193E5853006BEA77 /* Images.xcassets */,
				46F96C24193E5853006BEA77 /* Supporting Files */,
			);
			path = "RCSwitch-IOS";
			sourceTree = "<group>";
		};
		46F96C24193E5853006BEA77 /* Supporting Files */ = {
			isa = PBXGroup;
			children = (
				46F96C25193E5853006BEA77 /* RCSwitch-IOS-Info.plist */,
				46F96C26193E5853006BEA77 /* InfoPlist.strings */,
				46F96C29193E5853006BEA77 /* main.m */,
				46F96C2B193E5853006BEA77 /* RCSwitch-IOS-Prefix.pch */,
			);
			name = "Supporting Files";
			sourceTree = "<group>";
		};
		46F96C45193E5853006BEA77 /* RCSwitch-IOSTests */ = {
			isa = PBXGroup;
			children = (
				46F96C4B193E5853006BEA77 /* RCSwitch_IOSTests.m */,
				46F96C46193E5853006BEA77 /* Supporting Files */,
			);
			path = "RCSwitch-IOSTests";
			sourceTree = "<group>";
		};
		46F96C46193E5853006BEA77 /* Supporting Files */ = {
			isa = PBXGroup;
			children = (
				46F96C47193E5853006BEA77 /* RCSwitch-IOSTests-Info.plist */,
				46F96C48193E5853006BEA77 /* InfoPlist.strings */,
			);
			name = "Supporting Files";
			sourceTree = "<group>";
		};
		46F96C55193E5924006BEA77 /* Server Connection */ = {
			isa = PBXGroup;
			children = (
				46F96C5C193E675A006BEA77 /* socketio */,
				46F96C56193E5943006BEA77 /* Bonjour Browsing */,
				46F96C98193E6798006BEA77 /* LWRCSwitchServer.h */,
				46F96C99193E6798006BEA77 /* LWRCSwitchServer.m */,
				46F96CA7193E7854006BEA77 /* LWRCSwitchServerConnection.m */,
			);
			name = "Server Connection";
			sourceTree = "<group>";
		};
		46F96C56193E5943006BEA77 /* Bonjour Browsing */ = {
			isa = PBXGroup;
			children = (
				46F96C57193E597B006BEA77 /* LWServiceBrowser.h */,
				46F96C58193E597B006BEA77 /* LWServiceBrowser.m */,
			);
			name = "Bonjour Browsing";
			sourceTree = "<group>";
		};
		46F96C5C193E675A006BEA77 /* socketio */ = {
			isa = PBXGroup;
			children = (
				46F96C5D193E675A006BEA77 /* JSON-Framework */,
				46F96C73193E675A006BEA77 /* SocketIO.h */,
				46F96C74193E675A006BEA77 /* SocketIO.m */,
				46F96C75193E675A006BEA77 /* SocketIOJSONSerialization.h */,
				46F96C76193E675A006BEA77 /* SocketIOJSONSerialization.m */,
				46F96C77193E675A006BEA77 /* SocketIOPacket.h */,
				46F96C78193E675A006BEA77 /* SocketIOPacket.m */,
				46F96C79193E675A006BEA77 /* SocketIOTransport.h */,
				46F96C7A193E675A006BEA77 /* SocketIOTransportWebsocket.h */,
				46F96C7B193E675A006BEA77 /* SocketIOTransportWebsocket.m */,
				46F96C7C193E675A006BEA77 /* SocketIOTransportXHR.h */,
				46F96C7D193E675A006BEA77 /* SocketIOTransportXHR.m */,
				46F96C7E193E675A006BEA77 /* SocketRocket */,
			);
			name = socketio;
			path = socketio.objc;
			sourceTree = SOURCE_ROOT;
		};
		46F96C5D193E675A006BEA77 /* JSON-Framework */ = {
			isa = PBXGroup;
			children = (
				46F96C5E193E675A006BEA77 /* SBJson.h */,
				46F96C5F193E675A006BEA77 /* SBJsonParser.h */,
				46F96C60193E675A006BEA77 /* SBJsonParser.m */,
				46F96C61193E675A006BEA77 /* SBJsonStreamParser.h */,
				46F96C62193E675A006BEA77 /* SBJsonStreamParser.m */,
				46F96C63193E675A006BEA77 /* SBJsonStreamParserAccumulator.h */,
				46F96C64193E675A006BEA77 /* SBJsonStreamParserAccumulator.m */,
				46F96C65193E675A006BEA77 /* SBJsonStreamParserAdapter.h */,
				46F96C66193E675A006BEA77 /* SBJsonStreamParserAdapter.m */,
				46F96C67193E675A006BEA77 /* SBJsonStreamParserState.h */,
				46F96C68193E675A006BEA77 /* SBJsonStreamParserState.m */,
				46F96C69193E675A006BEA77 /* SBJsonStreamTokeniser.h */,
				46F96C6A193E675A006BEA77 /* SBJsonStreamTokeniser.m */,
				46F96C6B193E675A006BEA77 /* SBJsonStreamWriter.h */,
				46F96C6C193E675A006BEA77 /* SBJsonStreamWriter.m */,
				46F96C6D193E675A006BEA77 /* SBJsonStreamWriterAccumulator.h */,
				46F96C6E193E675A006BEA77 /* SBJsonStreamWriterAccumulator.m */,
				46F96C6F193E675A006BEA77 /* SBJsonStreamWriterState.h */,
				46F96C70193E675A006BEA77 /* SBJsonStreamWriterState.m */,
				46F96C71193E675A006BEA77 /* SBJsonWriter.h */,
				46F96C72193E675A006BEA77 /* SBJsonWriter.m */,
			);
			path = "JSON-Framework";
			sourceTree = "<group>";
		};
		46F96C7E193E675A006BEA77 /* SocketRocket */ = {
			isa = PBXGroup;
			children = (
				46F96C7F193E675A006BEA77 /* base64.c */,
				46F96C80193E675A006BEA77 /* base64.h */,
				46F96C81193E675A006BEA77 /* NSData+SRB64Additions.h */,
				46F96C82193E675A006BEA77 /* NSData+SRB64Additions.m */,
				46F96C83193E675A006BEA77 /* SocketRocket-Prefix.pch */,
				46F96C84193E675A006BEA77 /* SRWebSocket.h */,
				46F96C85193E675A006BEA77 /* SRWebSocket.m */,
			);
			path = SocketRocket;
			sourceTree = "<group>";
		};
/* End PBXGroup section */

/* Begin PBXNativeTarget section */
		46F96C19193E5853006BEA77 /* RCSwitch-IOS */ = {
			isa = PBXNativeTarget;
			buildConfigurationList = 46F96C4F193E5853006BEA77 /* Build configuration list for PBXNativeTarget "RCSwitch-IOS" */;
			buildPhases = (
				46F96C16193E5853006BEA77 /* Sources */,
				46F96C17193E5853006BEA77 /* Frameworks */,
				46F96C18193E5853006BEA77 /* Resources */,
			);
			buildRules = (
			);
			dependencies = (
			);
			name = "RCSwitch-IOS";
			productName = "RCSwitch-IOS";
			productReference = 46F96C1A193E5853006BEA77 /* RCSwitch-IOS.app */;
			productType = "com.apple.product-type.application";
		};
		46F96C3D193E5853006BEA77 /* RCSwitch-IOSTests */ = {
			isa = PBXNativeTarget;
			buildConfigurationList = 46F96C52193E5853006BEA77 /* Build configuration list for PBXNativeTarget "RCSwitch-IOSTests" */;
			buildPhases = (
				46F96C3A193E5853006BEA77 /* Sources */,
				46F96C3B193E5853006BEA77 /* Frameworks */,
				46F96C3C193E5853006BEA77 /* Resources */,
			);
			buildRules = (
			);
			dependencies = (
				46F96C44193E5853006BEA77 /* PBXTargetDependency */,
			);
			name = "RCSwitch-IOSTests";
			productName = "RCSwitch-IOSTests";
			productReference = 46F96C3E193E5853006BEA77 /* RCSwitch-IOSTests.xctest */;
			productType = "com.apple.product-type.bundle.unit-test";
		};
/* End PBXNativeTarget section */

/* Begin PBXProject section */
		46F96C12193E5853006BEA77 /* Project object */ = {
			isa = PBXProject;
			attributes = {
				CLASSPREFIX = LW;
				LastUpgradeCheck = 0510;
				ORGANIZATIONNAME = "Lars Winter";
				TargetAttributes = {
					46F96C3D193E5853006BEA77 = {
						TestTargetID = 46F96C19193E5853006BEA77;
					};
				};
			};
			buildConfigurationList = 46F96C15193E5853006BEA77 /* Build configuration list for PBXProject "RCSwitch-IOS" */;
			compatibilityVersion = "Xcode 3.2";
			developmentRegion = English;
			hasScannedForEncodings = 0;
			knownRegions = (
				en,
				Base,
			);
			mainGroup = 46F96C11193E5853006BEA77;
			productRefGroup = 46F96C1B193E5853006BEA77 /* Products */;
			projectDirPath = "";
			projectRoot = "";
			targets = (
				46F96C19193E5853006BEA77 /* RCSwitch-IOS */,
				46F96C3D193E5853006BEA77 /* RCSwitch-IOSTests */,
			);
		};
/* End PBXProject section */

/* Begin PBXResourcesBuildPhase section */
		46F96C18193E5853006BEA77 /* Resources */ = {
			isa = PBXResourcesBuildPhase;
			buildActionMask = 2147483647;
			files = (
				46F96C34193E5853006BEA77 /* Main_iPad.storyboard in Resources */,
				46F96C39193E5853006BEA77 /* Images.xcassets in Resources */,
				46F96C31193E5853006BEA77 /* Main_iPhone.storyboard in Resources */,
				46F96C28193E5853006BEA77 /* InfoPlist.strings in Resources */,
			);
			runOnlyForDeploymentPostprocessing = 0;
		};
		46F96C3C193E5853006BEA77 /* Resources */ = {
			isa = PBXResourcesBuildPhase;
			buildActionMask = 2147483647;
			files = (
				46F96C4A193E5853006BEA77 /* InfoPlist.strings in Resources */,
			);
			runOnlyForDeploymentPostprocessing = 0;
		};
/* End PBXResourcesBuildPhase section */

/* Begin PBXSourcesBuildPhase section */
		46F96C16193E5853006BEA77 /* Sources */ = {
			isa = PBXSourcesBuildPhase;
			buildActionMask = 2147483647;
			files = (
				46F96CA8193E7854006BEA77 /* LWRCSwitchServerConnection.m in Sources */,
				46F96C2A193E5853006BEA77 /* main.m in Sources */,
				46F96C8B193E675A006BEA77 /* SBJsonStreamTokeniser.m in Sources */,
				46F96C94193E675A006BEA77 /* SocketIOTransportXHR.m in Sources */,
				46F96C8D193E675A006BEA77 /* SBJsonStreamWriterAccumulator.m in Sources */,
				46F96C59193E597B006BEA77 /* LWServiceBrowser.m in Sources */,
				46F96C2E193E5853006BEA77 /* LWAppDelegate.m in Sources */,
				46F96C92193E675A006BEA77 /* SocketIOPacket.m in Sources */,
				46F96C87193E675A006BEA77 /* SBJsonStreamParser.m in Sources */,
				46F96C8E193E675A006BEA77 /* SBJsonStreamWriterState.m in Sources */,
				46F96C8F193E675A006BEA77 /* SBJsonWriter.m in Sources */,
				46F96C95193E675A006BEA77 /* base64.c in Sources */,
				46F96C9A193E6798006BEA77 /* LWRCSwitchServer.m in Sources */,
				46F96C86193E675A006BEA77 /* SBJsonParser.m in Sources */,
				46F96C90193E675A006BEA77 /* SocketIO.m in Sources */,
				46F96C88193E675A006BEA77 /* SBJsonStreamParserAccumulator.m in Sources */,
				46F96C8A193E675A006BEA77 /* SBJsonStreamParserState.m in Sources */,
				46F96C96193E675A006BEA77 /* NSData+SRB64Additions.m in Sources */,
				46F96C97193E675A006BEA77 /* SRWebSocket.m in Sources */,
				46F96C37193E5853006BEA77 /* LWViewController.m in Sources */,
				46F96C8C193E675A006BEA77 /* SBJsonStreamWriter.m in Sources */,
				46F96C89193E675A006BEA77 /* SBJsonStreamParserAdapter.m in Sources */,
				46F96C93193E675A006BEA77 /* SocketIOTransportWebsocket.m in Sources */,
				46F96C91193E675A006BEA77 /* SocketIOJSONSerialization.m in Sources */,
			);
			runOnlyForDeploymentPostprocessing = 0;
		};
		46F96C3A193E5853006BEA77 /* Sources */ = {
			isa = PBXSourcesBuildPhase;
			buildActionMask = 2147483647;
			files = (
				46F96C4C193E5853006BEA77 /* RCSwitch_IOSTests.m in Sources */,
			);
			runOnlyForDeploymentPostprocessing = 0;
		};
/* End PBXSourcesBuildPhase section */

/* Begin PBXTargetDependency section */
		46F96C44193E5853006BEA77 /* PBXTargetDependency */ = {
			isa = PBXTargetDependency;
			target = 46F96C19193E5853006BEA77 /* RCSwitch-IOS */;
			targetProxy = 46F96C43193E5853006BEA77 /* PBXContainerItemProxy */;
		};
/* End PBXTargetDependency section */

/* Begin PBXVariantGroup section */
		46F96C26193E5853006BEA77 /* InfoPlist.strings */ = {
			isa = PBXVariantGroup;
			children = (
				46F96C27193E5853006BEA77 /* en */,
			);
			name = InfoPlist.strings;
			sourceTree = "<group>";
		};
		46F96C2F193E5853006BEA77 /* Main_iPhone.storyboard */ = {
			isa = PBXVariantGroup;
			children = (
				46F96C30193E5853006BEA77 /* Base */,
			);
			name = Main_iPhone.storyboard;
			sourceTree = "<group>";
		};
		46F96C32193E5853006BEA77 /* Main_iPad.storyboard */ = {
			isa = PBXVariantGroup;
			children = (
				46F96C33193E5853006BEA77 /* Base */,
			);
			name = Main_iPad.storyboard;
			sourceTree = "<group>";
		};
		46F96C48193E5853006BEA77 /* InfoPlist.strings */ = {
			isa = PBXVariantGroup;
			children = (
				46F96C49193E5853006BEA77 /* en */,
			);
			name = InfoPlist.strings;
			sourceTree = "<group>";
		};
/* End PBXVariantGroup section */

/* Begin XCBuildConfiguration section */
		46F96C4D193E5853006BEA77 /* Debug */ = {
			isa = XCBuildConfiguration;
			buildSettings = {
				ALWAYS_SEARCH_USER_PATHS = NO;
				CLANG_CXX_LANGUAGE_STANDARD = "gnu++0x";
				CLANG_CXX_LIBRARY = "libc++";
				CLANG_ENABLE_MODULES = YES;
				CLANG_ENABLE_OBJC_ARC = YES;
				CLANG_WARN_BOOL_CONVERSION = YES;
				CLANG_WARN_CONSTANT_CONVERSION = YES;
				CLANG_WARN_DIRECT_OBJC_ISA_USAGE = YES_ERROR;
				CLANG_WARN_EMPTY_BODY = YES;
				CLANG_WARN_ENUM_CONVERSION = YES;
				CLANG_WARN_INT_CONVERSION = YES;
				CLANG_WARN_OBJC_ROOT_CLASS = YES_ERROR;
				CLANG_WARN__DUPLICATE_METHOD_MATCH = YES;
				"CODE_SIGN_IDENTITY[sdk=iphoneos*]" = "iPhone Developer";
				COPY_PHASE_STRIP = NO;
				GCC_C_LANGUAGE_STANDARD = gnu99;
				GCC_DYNAMIC_NO_PIC = NO;
				GCC_OPTIMIZATION_LEVEL = 0;
				GCC_PREPROCESSOR_DEFINITIONS = (
					"DEBUG=1",
					"$(inherited)",
				);
				GCC_SYMBOLS_PRIVATE_EXTERN = NO;
				GCC_WARN_64_TO_32_BIT_CONVERSION = YES;
				GCC_WARN_ABOUT_RETURN_TYPE = YES_ERROR;
				GCC_WARN_UNDECLARED_SELECTOR = YES;
				GCC_WARN_UNINITIALIZED_AUTOS = YES_AGGRESSIVE;
				GCC_WARN_UNUSED_FUNCTION = YES;
				GCC_WARN_UNUSED_VARIABLE = YES;
				IPHONEOS_DEPLOYMENT_TARGET = 7.1;
				ONLY_ACTIVE_ARCH = YES;
				SDKROOT = iphoneos;
				TARGETED_DEVICE_FAMILY = "1,2";
			};
			name = Debug;
		};
		46F96C4E193E5853006BEA77 /* Release */ = {
			isa = XCBuildConfiguration;
			buildSettings = {
				ALWAYS_SEARCH_USER_PATHS = NO;
				CLANG_CXX_LANGUAGE_STANDARD = "gnu++0x";
				CLANG_CXX_LIBRARY = "libc++";
				CLANG_ENABLE_MODULES = YES;
				CLANG_ENABLE_OBJC_ARC = YES;
				CLANG_WARN_BOOL_CONVERSION = YES;
				CLANG_WARN_CONSTANT_CONVERSION = YES;
				CLANG_WARN_DIRECT_OBJC_ISA_USAGE = YES_ERROR;
				CLANG_WARN_EMPTY_BODY = YES;
				CLANG_WARN_ENUM_CONVERSION = YES;
				CLANG_WARN_INT_CONVERSION = YES;
				CLANG_WARN_OBJC_ROOT_CLASS = YES_ERROR;
				CLANG_WARN__DUPLICATE_METHOD_MATCH = YES;
				"CODE_SIGN_IDENTITY[sdk=iphoneos*]" = "iPhone Developer";
				COPY_PHASE_STRIP = YES;
				ENABLE_NS_ASSERTIONS = NO;
				GCC_C_LANGUAGE_STANDARD = gnu99;
				GCC_WARN_64_TO_32_BIT_CONVERSION = YES;
				GCC_WARN_ABOUT_RETURN_TYPE = YES_ERROR;
				GCC_WARN_UNDECLARED_SELECTOR = YES;
				GCC_WARN_UNINITIALIZED_AUTOS = YES_AGGRESSIVE;
				GCC_WARN_UNUSED_FUNCTION = YES;
				GCC_WARN_UNUSED_VARIABLE = YES;
				IPHONEOS_DEPLOYMENT_TARGET = 7.1;
				SDKROOT = iphoneos;
				TARGETED_DEVICE_FAMILY = "1,2";
				VALIDATE_PRODUCT = YES;
			};
			name = Release;
		};
		46F96C50193E5853006BEA77 /* Debug */ = {
			isa = XCBuildConfiguration;
			buildSettings = {
				ASSETCATALOG_COMPILER_APPICON_NAME = AppIcon;
				ASSETCATALOG_COMPILER_LAUNCHIMAGE_NAME = LaunchImage;
				CODE_SIGN_IDENTITY = "iPhone Developer";
				FRAMEWORK_SEARCH_PATHS = (
					"$(inherited)",
					"$(DEVELOPER_FRAMEWORKS_DIR)",
				);
				GCC_PRECOMPILE_PREFIX_HEADER = YES;
				GCC_PREFIX_HEADER = "RCSwitch-IOS/RCSwitch-IOS-Prefix.pch";
				INFOPLIST_FILE = "RCSwitch-IOS/RCSwitch-IOS-Info.plist";
				PRODUCT_NAME = "$(TARGET_NAME)";
				WRAPPER_EXTENSION = app;
			};
			name = Debug;
		};
		46F96C51193E5853006BEA77 /* Release */ = {
			isa = XCBuildConfiguration;
			buildSettings = {
				ASSETCATALOG_COMPILER_APPICON_NAME = AppIcon;
				ASSETCATALOG_COMPILER_LAUNCHIMAGE_NAME = LaunchImage;
				CODE_SIGN_IDENTITY = "iPhone Developer";
				FRAMEWORK_SEARCH_PATHS = (
					"$(inherited)",
					"$(DEVELOPER_FRAMEWORKS_DIR)",
				);
				GCC_PRECOMPILE_PREFIX_HEADER = YES;
				GCC_PREFIX_HEADER = "RCSwitch-IOS/RCSwitch-IOS-Prefix.pch";
				INFOPLIST_FILE = "RCSwitch-IOS/RCSwitch-IOS-Info.plist";
				PRODUCT_NAME = "$(TARGET_NAME)";
				WRAPPER_EXTENSION = app;
			};
			name = Release;
		};
		46F96C53193E5853006BEA77 /* Debug */ = {
			isa = XCBuildConfiguration;
			buildSettings = {
				BUNDLE_LOADER = "$(BUILT_PRODUCTS_DIR)/RCSwitch-IOS.app/RCSwitch-IOS";
				FRAMEWORK_SEARCH_PATHS = (
					"$(SDKROOT)/Developer/Library/Frameworks",
					"$(inherited)",
					"$(DEVELOPER_FRAMEWORKS_DIR)",
				);
				GCC_PRECOMPILE_PREFIX_HEADER = YES;
				GCC_PREFIX_HEADER = "RCSwitch-IOS/RCSwitch-IOS-Prefix.pch";
				GCC_PREPROCESSOR_DEFINITIONS = (
					"DEBUG=1",
					"$(inherited)",
				);
				INFOPLIST_FILE = "RCSwitch-IOSTests/RCSwitch-IOSTests-Info.plist";
				PRODUCT_NAME = "$(TARGET_NAME)";
				TEST_HOST = "$(BUNDLE_LOADER)";
				WRAPPER_EXTENSION = xctest;
			};
			name = Debug;
		};
		46F96C54193E5853006BEA77 /* Release */ = {
			isa = XCBuildConfiguration;
			buildSettings = {
				BUNDLE_LOADER = "$(BUILT_PRODUCTS_DIR)/RCSwitch-IOS.app/RCSwitch-IOS";
				FRAMEWORK_SEARCH_PATHS = (
					"$(SDKROOT)/Developer/Library/Frameworks",
					"$(inherited)",
					"$(DEVELOPER_FRAMEWORKS_DIR)",
				);
				GCC_PRECOMPILE_PREFIX_HEADER = YES;
				GCC_PREFIX_HEADER = "RCSwitch-IOS/RCSwitch-IOS-Prefix.pch";
				INFOPLIST_FILE = "RCSwitch-IOSTests/RCSwitch-IOSTests-Info.plist";
				PRODUCT_NAME = "$(TARGET_NAME)";
				TEST_HOST = "$(BUNDLE_LOADER)";
				WRAPPER_EXTENSION = xctest;
			};
			name = Release;
		};
/* End XCBuildConfiguration section */

/* Begin XCConfigurationList section */
		46F96C15193E5853006BEA77 /* Build configuration list for PBXProject "RCSwitch-IOS" */ = {
			isa = XCConfigurationList;
			buildConfigurations = (
				46F96C4D193E5853006BEA77 /* Debug */,
				46F96C4E193E5853006BEA77 /* Release */,
			);
			defaultConfigurationIsVisible = 0;
			defaultConfigurationName = Release;
		};
		46F96C4F193E5853006BEA77 /* Build configuration list for PBXNativeTarget "RCSwitch-IOS" */ = {
			isa = XCConfigurationList;
			buildConfigurations = (
				46F96C50193E5853006BEA77 /* Debug */,
				46F96C51193E5853006BEA77 /* Release */,
			);
			defaultConfigurationIsVisible = 0;
		};
		46F96C52193E5853006BEA77 /* Build configuration list for PBXNativeTarget "RCSwitch-IOSTests" */ = {
			isa = XCConfigurationList;
			buildConfigurations = (
				46F96C53193E5853006BEA77 /* Debug */,
				46F96C54193E5853006BEA77 /* Release */,
			);
			defaultConfigurationIsVisible = 0;
		};
/* End XCConfigurationList section */
	};
	rootObject = 46F96C12193E5853006BEA77 /* Project object */;
}
